
Microsoft Visual Studio Solution File, Format Version 12.00
# Visual Studio Version 17
VisualStudioVersion = 17.5.002.0
MinimumVisualStudioVersion = 10.0.40219.1
Project("{9A19103F-16F7-4668-BE54-9A1E7A4F7556}") = "miniChallenge8-10", "miniChallenge8-10.csproj", "{F3627733-EE93-4BA9-8199-6F075E0283AF}"
EndProject
Global
	GlobalSection(SolutionConfigurationPlatforms) = preSolution
		Debug|Any CPU = Debug|Any CPU
		Release|Any CPU = Release|Any CPU
	EndGlobalSection
	GlobalSection(ProjectConfigurationPlatforms) = postSolution
		{F3627733-EE93-4BA9-8199-6F075E0283AF}.Debug|Any CPU.ActiveCfg = Debug|Any CPU
		{F3627733-EE93-4BA9-8199-6F075E0283AF}.Debug|Any CPU.Build.0 = Debug|Any CPU
		{F3627733-EE93-4BA9-8199-6F075E0283AF}.Release|Any CPU.ActiveCfg = Release|Any CPU
		{F3627733-EE93-4BA9-8199-6F075E0283AF}.Release|Any CPU.Build.0 = Release|Any CPU
	EndGlobalSection
	GlobalSection(SolutionProperties) = preSolution
		HideSolutionNode = FALSE
	EndGlobalSection
	GlobalSection(ExtensibilityGlobals) = postSolution
		SolutionGuid = {527261AD-52FC-446C-9C4D-281F0C4D9E41}
	EndGlobalSection
EndGlobal
